// !$*UTF8*$!
{
	archiveVersion = 1;
	classes = {
	};
	objectVersion = 50;
	objects = {

/* Begin PBXBuildFile section */
		014D7FE06318C6E605C687CE /* Pods_TodoList.framework in Frameworks */ = {isa = PBXBuildFile; fileRef = 2BE72D7F55CE60F51B0680FB /* Pods_TodoList.framework */; };
		196DC4959375173B3AC13CC3 /* Pods_TodoListTests.framework in Frameworks */ = {isa = PBXBuildFile; fileRef = DFFB5FC2E7F96BC65E274E9C /* Pods_TodoListTests.framework */; };
		DDF1E4685D5AC762C8699D10 /* Pods_TodoListUITests.framework in Frameworks */ = {isa = PBXBuildFile; fileRef = 6CB1D3B00540809D2A62E2DA /* Pods_TodoListUITests.framework */; };
		E638FB74260350DA009683EE /* AppDelegate.swift in Sources */ = {isa = PBXBuildFile; fileRef = E638FB73260350DA009683EE /* AppDelegate.swift */; };
		E638FB76260350DA009683EE /* SceneDelegate.swift in Sources */ = {isa = PBXBuildFile; fileRef = E638FB75260350DA009683EE /* SceneDelegate.swift */; };
		E638FB7B260350DA009683EE /* Main.storyboard in Resources */ = {isa = PBXBuildFile; fileRef = E638FB79260350DA009683EE /* Main.storyboard */; };
		E638FB7D260350DC009683EE /* Assets.xcassets in Resources */ = {isa = PBXBuildFile; fileRef = E638FB7C260350DC009683EE /* Assets.xcassets */; };
		E638FB80260350DC009683EE /* LaunchScreen.storyboard in Resources */ = {isa = PBXBuildFile; fileRef = E638FB7E260350DC009683EE /* LaunchScreen.storyboard */; };
		E638FB8B260350DC009683EE /* TodoListTests.swift in Sources */ = {isa = PBXBuildFile; fileRef = E638FB8A260350DC009683EE /* TodoListTests.swift */; };
		E638FB96260350DC009683EE /* TodoListUITests.swift in Sources */ = {isa = PBXBuildFile; fileRef = E638FB95260350DC009683EE /* TodoListUITests.swift */; };
		E638FBB426035156009683EE /* AppCoordinator.swift in Sources */ = {isa = PBXBuildFile; fileRef = E638FBB326035156009683EE /* AppCoordinator.swift */; };
		E638FBBE260351A5009683EE /* MainNavigationViewController.swift in Sources */ = {isa = PBXBuildFile; fileRef = E638FBBD260351A5009683EE /* MainNavigationViewController.swift */; };
		E638FBC326035215009683EE /* LoggedInViewController.swift in Sources */ = {isa = PBXBuildFile; fileRef = E638FBC226035215009683EE /* LoggedInViewController.swift */; };
		E638FBC826035223009683EE /* TodoListViewController.swift in Sources */ = {isa = PBXBuildFile; fileRef = E638FBC726035223009683EE /* TodoListViewController.swift */; };
		E638FBCD26035264009683EE /* Extension+UIStoryboard.swift in Sources */ = {isa = PBXBuildFile; fileRef = E638FBCC26035264009683EE /* Extension+UIStoryboard.swift */; };
		E638FBD2260352E3009683EE /* Extension+UserDefaults.swift in Sources */ = {isa = PBXBuildFile; fileRef = E638FBD1260352E3009683EE /* Extension+UserDefaults.swift */; };
		E64AA49D2604576000B45C7F /* Extension+UIView.swift in Sources */ = {isa = PBXBuildFile; fileRef = E64AA49C2604576000B45C7F /* Extension+UIView.swift */; };
		E64AA4A226045D7800B45C7F /* Extension+SkyFloatingLabelTextField.swift in Sources */ = {isa = PBXBuildFile; fileRef = E64AA4A126045D7800B45C7F /* Extension+SkyFloatingLabelTextField.swift */; };
		E64AA4B02604614B00B45C7F /* LoggedInViewModel.swift in Sources */ = {isa = PBXBuildFile; fileRef = E64AA4AF2604614B00B45C7F /* LoggedInViewModel.swift */; };
		E64AA4BC2604629300B45C7F /* LoggedInModel.swift in Sources */ = {isa = PBXBuildFile; fileRef = E64AA4BB2604629300B45C7F /* LoggedInModel.swift */; };
		E64AA4C5260464BF00B45C7F /* LoggedInRepository.swift in Sources */ = {isa = PBXBuildFile; fileRef = E64AA4C4260464BF00B45C7F /* LoggedInRepository.swift */; };
		E64AA4D9260479C200B45C7F /* Bindable.swift in Sources */ = {isa = PBXBuildFile; fileRef = E64AA4D8260479C200B45C7F /* Bindable.swift */; };
		E660C8552603606200EFA647 /* NetworkConstants.swift in Sources */ = {isa = PBXBuildFile; fileRef = E660C8542603606200EFA647 /* NetworkConstants.swift */; };
		E660C85D260360B900EFA647 /* Response.swift in Sources */ = {isa = PBXBuildFile; fileRef = E660C85C260360B900EFA647 /* Response.swift */; };
		E660C862260360E100EFA647 /* AppError.swift in Sources */ = {isa = PBXBuildFile; fileRef = E660C861260360E100EFA647 /* AppError.swift */; };
		E660C867260360FB00EFA647 /* ApiRouter.swift in Sources */ = {isa = PBXBuildFile; fileRef = E660C866260360FB00EFA647 /* ApiRouter.swift */; };
		E660C86C2603658200EFA647 /* ApiRequest.swift in Sources */ = {isa = PBXBuildFile; fileRef = E660C86B2603658200EFA647 /* ApiRequest.swift */; };
		E6853D19260726A400873C03 /* ProgessHUD.swift in Sources */ = {isa = PBXBuildFile; fileRef = E6853D18260726A400873C03 /* ProgessHUD.swift */; };
		E6853D24260840AA00873C03 /* TodoListViewModel.swift in Sources */ = {isa = PBXBuildFile; fileRef = E6853D23260840AA00873C03 /* TodoListViewModel.swift */; };
		E6853D2D260840C300873C03 /* TodoListRepository.swift in Sources */ = {isa = PBXBuildFile; fileRef = E6853D2C260840C300873C03 /* TodoListRepository.swift */; };
		E6853D362608516500873C03 /* TodoListModel.swift in Sources */ = {isa = PBXBuildFile; fileRef = E6853D352608516500873C03 /* TodoListModel.swift */; };
		E6853D3F26086DF900873C03 /* TodoListTableViewAdapter.swift in Sources */ = {isa = PBXBuildFile; fileRef = E6853D3E26086DF900873C03 /* TodoListTableViewAdapter.swift */; };
		E6853D4926086ECE00873C03 /* TodoListTableViewCell.swift in Sources */ = {isa = PBXBuildFile; fileRef = E6853D4726086ECE00873C03 /* TodoListTableViewCell.swift */; };
		E6853D4A26086ECE00873C03 /* TodoListTableViewCell.xib in Resources */ = {isa = PBXBuildFile; fileRef = E6853D4826086ECE00873C03 /* TodoListTableViewCell.xib */; };
		E6853D5326086EED00873C03 /* Extension+UITableView.swift in Sources */ = {isa = PBXBuildFile; fileRef = E6853D5226086EED00873C03 /* Extension+UITableView.swift */; };
		E6853D582608782800873C03 /* CheckBoxButton.swift in Sources */ = {isa = PBXBuildFile; fileRef = E6853D572608782800873C03 /* CheckBoxButton.swift */; };
		E6F9C7152604A9E400FC3541 /* RegisterViewController.swift in Sources */ = {isa = PBXBuildFile; fileRef = E6F9C7142604A9E400FC3541 /* RegisterViewController.swift */; };
		E6F9C7222604AC4500FC3541 /* RegisterViewModel.swift in Sources */ = {isa = PBXBuildFile; fileRef = E6F9C7212604AC4500FC3541 /* RegisterViewModel.swift */; };
		E6F9C72B2604AC5600FC3541 /* RegisterRepository.swift in Sources */ = {isa = PBXBuildFile; fileRef = E6F9C72A2604AC5600FC3541 /* RegisterRepository.swift */; };
		E6F9C7342604ACC000FC3541 /* RegisterModel.swift in Sources */ = {isa = PBXBuildFile; fileRef = E6F9C7332604ACC000FC3541 /* RegisterModel.swift */; };
/* End PBXBuildFile section */

/* Begin PBXContainerItemProxy section */
		E638FB87260350DC009683EE /* PBXContainerItemProxy */ = {
			isa = PBXContainerItemProxy;
			containerPortal = E638FB68260350DA009683EE /* Project object */;
			proxyType = 1;
			remoteGlobalIDString = E638FB6F260350DA009683EE;
			remoteInfo = TodoList;
		};
		E638FB92260350DC009683EE /* PBXContainerItemProxy */ = {
			isa = PBXContainerItemProxy;
			containerPortal = E638FB68260350DA009683EE /* Project object */;
			proxyType = 1;
			remoteGlobalIDString = E638FB6F260350DA009683EE;
			remoteInfo = TodoList;
		};
/* End PBXContainerItemProxy section */

/* Begin PBXFileReference section */
		1DF0724F7CCFE1300C718B61 /* Pods-TodoListUITests.debug.xcconfig */ = {isa = PBXFileReference; includeInIndex = 1; lastKnownFileType = text.xcconfig; name = "Pods-TodoListUITests.debug.xcconfig"; path = "Target Support Files/Pods-TodoListUITests/Pods-TodoListUITests.debug.xcconfig"; sourceTree = "<group>"; };
		2B7442D377B68C0C56F5DE1A /* Pods-TodoList.debug.xcconfig */ = {isa = PBXFileReference; includeInIndex = 1; lastKnownFileType = text.xcconfig; name = "Pods-TodoList.debug.xcconfig"; path = "Target Support Files/Pods-TodoList/Pods-TodoList.debug.xcconfig"; sourceTree = "<group>"; };
		2BE72D7F55CE60F51B0680FB /* Pods_TodoList.framework */ = {isa = PBXFileReference; explicitFileType = wrapper.framework; includeInIndex = 0; path = Pods_TodoList.framework; sourceTree = BUILT_PRODUCTS_DIR; };
		642714063B7BF78849D44C39 /* Pods-TodoListTests.release.xcconfig */ = {isa = PBXFileReference; includeInIndex = 1; lastKnownFileType = text.xcconfig; name = "Pods-TodoListTests.release.xcconfig"; path = "Target Support Files/Pods-TodoListTests/Pods-TodoListTests.release.xcconfig"; sourceTree = "<group>"; };
		6CA2AA66E775B766408F4A72 /* Pods-TodoListUITests.release.xcconfig */ = {isa = PBXFileReference; includeInIndex = 1; lastKnownFileType = text.xcconfig; name = "Pods-TodoListUITests.release.xcconfig"; path = "Target Support Files/Pods-TodoListUITests/Pods-TodoListUITests.release.xcconfig"; sourceTree = "<group>"; };
		6CB1D3B00540809D2A62E2DA /* Pods_TodoListUITests.framework */ = {isa = PBXFileReference; explicitFileType = wrapper.framework; includeInIndex = 0; path = Pods_TodoListUITests.framework; sourceTree = BUILT_PRODUCTS_DIR; };
		701BF68BB4510AE585AD5CFE /* Pods-TodoList.release.xcconfig */ = {isa = PBXFileReference; includeInIndex = 1; lastKnownFileType = text.xcconfig; name = "Pods-TodoList.release.xcconfig"; path = "Target Support Files/Pods-TodoList/Pods-TodoList.release.xcconfig"; sourceTree = "<group>"; };
		89D226ABB1432C6BE961477D /* Pods-TodoListTests.debug.xcconfig */ = {isa = PBXFileReference; includeInIndex = 1; lastKnownFileType = text.xcconfig; name = "Pods-TodoListTests.debug.xcconfig"; path = "Target Support Files/Pods-TodoListTests/Pods-TodoListTests.debug.xcconfig"; sourceTree = "<group>"; };
		DFFB5FC2E7F96BC65E274E9C /* Pods_TodoListTests.framework */ = {isa = PBXFileReference; explicitFileType = wrapper.framework; includeInIndex = 0; path = Pods_TodoListTests.framework; sourceTree = BUILT_PRODUCTS_DIR; };
		E638FB70260350DA009683EE /* TodoList.app */ = {isa = PBXFileReference; explicitFileType = wrapper.application; includeInIndex = 0; path = TodoList.app; sourceTree = BUILT_PRODUCTS_DIR; };
		E638FB73260350DA009683EE /* AppDelegate.swift */ = {isa = PBXFileReference; lastKnownFileType = sourcecode.swift; path = AppDelegate.swift; sourceTree = "<group>"; };
		E638FB75260350DA009683EE /* SceneDelegate.swift */ = {isa = PBXFileReference; lastKnownFileType = sourcecode.swift; path = SceneDelegate.swift; sourceTree = "<group>"; };
		E638FB7A260350DA009683EE /* Base */ = {isa = PBXFileReference; lastKnownFileType = file.storyboard; name = Base; path = Base.lproj/Main.storyboard; sourceTree = "<group>"; };
		E638FB7C260350DC009683EE /* Assets.xcassets */ = {isa = PBXFileReference; lastKnownFileType = folder.assetcatalog; path = Assets.xcassets; sourceTree = "<group>"; };
		E638FB7F260350DC009683EE /* Base */ = {isa = PBXFileReference; lastKnownFileType = file.storyboard; name = Base; path = Base.lproj/LaunchScreen.storyboard; sourceTree = "<group>"; };
		E638FB81260350DC009683EE /* Info.plist */ = {isa = PBXFileReference; lastKnownFileType = text.plist.xml; path = Info.plist; sourceTree = "<group>"; };
		E638FB86260350DC009683EE /* TodoListTests.xctest */ = {isa = PBXFileReference; explicitFileType = wrapper.cfbundle; includeInIndex = 0; path = TodoListTests.xctest; sourceTree = BUILT_PRODUCTS_DIR; };
		E638FB8A260350DC009683EE /* TodoListTests.swift */ = {isa = PBXFileReference; lastKnownFileType = sourcecode.swift; path = TodoListTests.swift; sourceTree = "<group>"; };
		E638FB8C260350DC009683EE /* Info.plist */ = {isa = PBXFileReference; lastKnownFileType = text.plist.xml; path = Info.plist; sourceTree = "<group>"; };
		E638FB91260350DC009683EE /* TodoListUITests.xctest */ = {isa = PBXFileReference; explicitFileType = wrapper.cfbundle; includeInIndex = 0; path = TodoListUITests.xctest; sourceTree = BUILT_PRODUCTS_DIR; };
		E638FB95260350DC009683EE /* TodoListUITests.swift */ = {isa = PBXFileReference; lastKnownFileType = sourcecode.swift; path = TodoListUITests.swift; sourceTree = "<group>"; };
		E638FB97260350DC009683EE /* Info.plist */ = {isa = PBXFileReference; lastKnownFileType = text.plist.xml; path = Info.plist; sourceTree = "<group>"; };
		E638FBB326035156009683EE /* AppCoordinator.swift */ = {isa = PBXFileReference; lastKnownFileType = sourcecode.swift; path = AppCoordinator.swift; sourceTree = "<group>"; };
		E638FBBD260351A5009683EE /* MainNavigationViewController.swift */ = {isa = PBXFileReference; lastKnownFileType = sourcecode.swift; path = MainNavigationViewController.swift; sourceTree = "<group>"; };
		E638FBC226035215009683EE /* LoggedInViewController.swift */ = {isa = PBXFileReference; lastKnownFileType = sourcecode.swift; path = LoggedInViewController.swift; sourceTree = "<group>"; };
		E638FBC726035223009683EE /* TodoListViewController.swift */ = {isa = PBXFileReference; lastKnownFileType = sourcecode.swift; path = TodoListViewController.swift; sourceTree = "<group>"; };
		E638FBCC26035264009683EE /* Extension+UIStoryboard.swift */ = {isa = PBXFileReference; lastKnownFileType = sourcecode.swift; path = "Extension+UIStoryboard.swift"; sourceTree = "<group>"; };
		E638FBD1260352E3009683EE /* Extension+UserDefaults.swift */ = {isa = PBXFileReference; lastKnownFileType = sourcecode.swift; path = "Extension+UserDefaults.swift"; sourceTree = "<group>"; };
		E64AA49C2604576000B45C7F /* Extension+UIView.swift */ = {isa = PBXFileReference; lastKnownFileType = sourcecode.swift; path = "Extension+UIView.swift"; sourceTree = "<group>"; };
		E64AA4A126045D7800B45C7F /* Extension+SkyFloatingLabelTextField.swift */ = {isa = PBXFileReference; lastKnownFileType = sourcecode.swift; path = "Extension+SkyFloatingLabelTextField.swift"; sourceTree = "<group>"; };
		E64AA4AF2604614B00B45C7F /* LoggedInViewModel.swift */ = {isa = PBXFileReference; lastKnownFileType = sourcecode.swift; path = LoggedInViewModel.swift; sourceTree = "<group>"; };
		E64AA4BB2604629300B45C7F /* LoggedInModel.swift */ = {isa = PBXFileReference; lastKnownFileType = sourcecode.swift; path = LoggedInModel.swift; sourceTree = "<group>"; };
		E64AA4C4260464BF00B45C7F /* LoggedInRepository.swift */ = {isa = PBXFileReference; lastKnownFileType = sourcecode.swift; path = LoggedInRepository.swift; sourceTree = "<group>"; };
		E64AA4D8260479C200B45C7F /* Bindable.swift */ = {isa = PBXFileReference; lastKnownFileType = sourcecode.swift; path = Bindable.swift; sourceTree = "<group>"; };
		E660C8542603606200EFA647 /* NetworkConstants.swift */ = {isa = PBXFileReference; lastKnownFileType = sourcecode.swift; path = NetworkConstants.swift; sourceTree = "<group>"; };
		E660C85C260360B900EFA647 /* Response.swift */ = {isa = PBXFileReference; lastKnownFileType = sourcecode.swift; path = Response.swift; sourceTree = "<group>"; };
		E660C861260360E100EFA647 /* AppError.swift */ = {isa = PBXFileReference; lastKnownFileType = sourcecode.swift; path = AppError.swift; sourceTree = "<group>"; };
		E660C866260360FB00EFA647 /* ApiRouter.swift */ = {isa = PBXFileReference; lastKnownFileType = sourcecode.swift; path = ApiRouter.swift; sourceTree = "<group>"; };
		E660C86B2603658200EFA647 /* ApiRequest.swift */ = {isa = PBXFileReference; lastKnownFileType = sourcecode.swift; path = ApiRequest.swift; sourceTree = "<group>"; };
		E6853D18260726A400873C03 /* ProgessHUD.swift */ = {isa = PBXFileReference; lastKnownFileType = sourcecode.swift; path = ProgessHUD.swift; sourceTree = "<group>"; };
		E6853D23260840AA00873C03 /* TodoListViewModel.swift */ = {isa = PBXFileReference; lastKnownFileType = sourcecode.swift; path = TodoListViewModel.swift; sourceTree = "<group>"; };
		E6853D2C260840C300873C03 /* TodoListRepository.swift */ = {isa = PBXFileReference; lastKnownFileType = sourcecode.swift; path = TodoListRepository.swift; sourceTree = "<group>"; };
		E6853D352608516500873C03 /* TodoListModel.swift */ = {isa = PBXFileReference; lastKnownFileType = sourcecode.swift; path = TodoListModel.swift; sourceTree = "<group>"; };
		E6853D3E26086DF900873C03 /* TodoListTableViewAdapter.swift */ = {isa = PBXFileReference; lastKnownFileType = sourcecode.swift; path = TodoListTableViewAdapter.swift; sourceTree = "<group>"; };
		E6853D4726086ECE00873C03 /* TodoListTableViewCell.swift */ = {isa = PBXFileReference; lastKnownFileType = sourcecode.swift; path = TodoListTableViewCell.swift; sourceTree = "<group>"; };
		E6853D4826086ECE00873C03 /* TodoListTableViewCell.xib */ = {isa = PBXFileReference; lastKnownFileType = file.xib; path = TodoListTableViewCell.xib; sourceTree = "<group>"; };
		E6853D5226086EED00873C03 /* Extension+UITableView.swift */ = {isa = PBXFileReference; lastKnownFileType = sourcecode.swift; path = "Extension+UITableView.swift"; sourceTree = "<group>"; };
		E6853D572608782800873C03 /* CheckBoxButton.swift */ = {isa = PBXFileReference; lastKnownFileType = sourcecode.swift; path = CheckBoxButton.swift; sourceTree = "<group>"; };
		E6F9C7142604A9E400FC3541 /* RegisterViewController.swift */ = {isa = PBXFileReference; lastKnownFileType = sourcecode.swift; path = RegisterViewController.swift; sourceTree = "<group>"; };
		E6F9C7212604AC4500FC3541 /* RegisterViewModel.swift */ = {isa = PBXFileReference; lastKnownFileType = sourcecode.swift; path = RegisterViewModel.swift; sourceTree = "<group>"; };
		E6F9C72A2604AC5600FC3541 /* RegisterRepository.swift */ = {isa = PBXFileReference; lastKnownFileType = sourcecode.swift; path = RegisterRepository.swift; sourceTree = "<group>"; };
		E6F9C7332604ACC000FC3541 /* RegisterModel.swift */ = {isa = PBXFileReference; lastKnownFileType = sourcecode.swift; path = RegisterModel.swift; sourceTree = "<group>"; };
/* End PBXFileReference section */

/* Begin PBXFrameworksBuildPhase section */
		E638FB6D260350DA009683EE /* Frameworks */ = {
			isa = PBXFrameworksBuildPhase;
			buildActionMask = 2147483647;
			files = (
				014D7FE06318C6E605C687CE /* Pods_TodoList.framework in Frameworks */,
			);
			runOnlyForDeploymentPostprocessing = 0;
		};
		E638FB83260350DC009683EE /* Frameworks */ = {
			isa = PBXFrameworksBuildPhase;
			buildActionMask = 2147483647;
			files = (
				196DC4959375173B3AC13CC3 /* Pods_TodoListTests.framework in Frameworks */,
			);
			runOnlyForDeploymentPostprocessing = 0;
		};
		E638FB8E260350DC009683EE /* Frameworks */ = {
			isa = PBXFrameworksBuildPhase;
			buildActionMask = 2147483647;
			files = (
				DDF1E4685D5AC762C8699D10 /* Pods_TodoListUITests.framework in Frameworks */,
			);
			runOnlyForDeploymentPostprocessing = 0;
		};
/* End PBXFrameworksBuildPhase section */

/* Begin PBXGroup section */
		C303089462306111E80B989A /* Frameworks */ = {
			isa = PBXGroup;
			children = (
				2BE72D7F55CE60F51B0680FB /* Pods_TodoList.framework */,
				DFFB5FC2E7F96BC65E274E9C /* Pods_TodoListTests.framework */,
				6CB1D3B00540809D2A62E2DA /* Pods_TodoListUITests.framework */,
			);
			name = Frameworks;
			sourceTree = "<group>";
		};
		C439CD8D366816524913BCB7 /* Pods */ = {
			isa = PBXGroup;
			children = (
				2B7442D377B68C0C56F5DE1A /* Pods-TodoList.debug.xcconfig */,
				701BF68BB4510AE585AD5CFE /* Pods-TodoList.release.xcconfig */,
				89D226ABB1432C6BE961477D /* Pods-TodoListTests.debug.xcconfig */,
				642714063B7BF78849D44C39 /* Pods-TodoListTests.release.xcconfig */,
				1DF0724F7CCFE1300C718B61 /* Pods-TodoListUITests.debug.xcconfig */,
				6CA2AA66E775B766408F4A72 /* Pods-TodoListUITests.release.xcconfig */,
			);
			path = Pods;
			sourceTree = "<group>";
		};
		E638FB67260350DA009683EE = {
			isa = PBXGroup;
			children = (
				E638FB72260350DA009683EE /* TodoList */,
				E638FB89260350DC009683EE /* TodoListTests */,
				E638FB94260350DC009683EE /* TodoListUITests */,
				E638FB71260350DA009683EE /* Products */,
				C439CD8D366816524913BCB7 /* Pods */,
				C303089462306111E80B989A /* Frameworks */,
			);
			sourceTree = "<group>";
		};
		E638FB71260350DA009683EE /* Products */ = {
			isa = PBXGroup;
			children = (
				E638FB70260350DA009683EE /* TodoList.app */,
				E638FB86260350DC009683EE /* TodoListTests.xctest */,
				E638FB91260350DC009683EE /* TodoListUITests.xctest */,
			);
			name = Products;
			sourceTree = "<group>";
		};
		E638FB72260350DA009683EE /* TodoList */ = {
			isa = PBXGroup;
			children = (
				E638FB73260350DA009683EE /* AppDelegate.swift */,
				E638FB75260350DA009683EE /* SceneDelegate.swift */,
				E638FBB326035156009683EE /* AppCoordinator.swift */,
				E638FBBD260351A5009683EE /* MainNavigationViewController.swift */,
				E660C8532603602E00EFA647 /* Service */,
				E638FBDA2603535F009683EE /* Application */,
				E638FBD626035321009683EE /* SupportFiles */,
				E638FB79260350DA009683EE /* Main.storyboard */,
				E638FB7C260350DC009683EE /* Assets.xcassets */,
				E638FB7E260350DC009683EE /* LaunchScreen.storyboard */,
				E638FB81260350DC009683EE /* Info.plist */,
			);
			path = TodoList;
			sourceTree = "<group>";
		};
		E638FB89260350DC009683EE /* TodoListTests */ = {
			isa = PBXGroup;
			children = (
				E638FB8A260350DC009683EE /* TodoListTests.swift */,
				E638FB8C260350DC009683EE /* Info.plist */,
			);
			path = TodoListTests;
			sourceTree = "<group>";
		};
		E638FB94260350DC009683EE /* TodoListUITests */ = {
			isa = PBXGroup;
			children = (
				E638FB95260350DC009683EE /* TodoListUITests.swift */,
				E638FB97260350DC009683EE /* Info.plist */,
			);
			path = TodoListUITests;
			sourceTree = "<group>";
		};
		E638FBD626035321009683EE /* SupportFiles */ = {
			isa = PBXGroup;
			children = (
				E638FBCC26035264009683EE /* Extension+UIStoryboard.swift */,
				E64AA4A126045D7800B45C7F /* Extension+SkyFloatingLabelTextField.swift */,
				E638FBD1260352E3009683EE /* Extension+UserDefaults.swift */,
				E64AA49C2604576000B45C7F /* Extension+UIView.swift */,
				E6853D5226086EED00873C03 /* Extension+UITableView.swift */,
				E64AA4D8260479C200B45C7F /* Bindable.swift */,
				E6853D18260726A400873C03 /* ProgessHUD.swift */,
				E6853D572608782800873C03 /* CheckBoxButton.swift */,
			);
			path = SupportFiles;
			sourceTree = "<group>";
		};
		E638FBDA2603535F009683EE /* Application */ = {
			isa = PBXGroup;
			children = (
				E638FBE526035381009683EE /* TodoList */,
				E638FBE126035370009683EE /* LoggedIn */,
				E6F9C7192604AC2D00FC3541 /* Register */,
			);
			path = Application;
			sourceTree = "<group>";
		};
		E638FBE126035370009683EE /* LoggedIn */ = {
			isa = PBXGroup;
			children = (
				E638FBE92603538A009683EE /* ViewController */,
				E64AA4B42604614E00B45C7F /* ViewModel */,
				E64AA4C02604629600B45C7F /* Model */,
				E64AA4C9260464C300B45C7F /* Repository */,
			);
			path = LoggedIn;
			sourceTree = "<group>";
		};
		E638FBE526035381009683EE /* TodoList */ = {
			isa = PBXGroup;
			children = (
				E638FBED26035391009683EE /* ViewController */,
				E6853D28260840AD00873C03 /* ViewModel */,
				E6853D31260840C700873C03 /* Repository */,
				E6853D3A260851E900873C03 /* Model */,
				E6853D4326086E8F00873C03 /* Adapter */,
				E6853D4E26086ED200873C03 /* View */,
			);
			path = TodoList;
			sourceTree = "<group>";
		};
		E638FBE92603538A009683EE /* ViewController */ = {
			isa = PBXGroup;
			children = (
				E638FBC226035215009683EE /* LoggedInViewController.swift */,
			);
			path = ViewController;
			sourceTree = "<group>";
		};
		E638FBED26035391009683EE /* ViewController */ = {
			isa = PBXGroup;
			children = (
				E638FBC726035223009683EE /* TodoListViewController.swift */,
			);
			path = ViewController;
			sourceTree = "<group>";
		};
		E64AA4B42604614E00B45C7F /* ViewModel */ = {
			isa = PBXGroup;
			children = (
				E64AA4AF2604614B00B45C7F /* LoggedInViewModel.swift */,
			);
			path = ViewModel;
			sourceTree = "<group>";
		};
		E64AA4C02604629600B45C7F /* Model */ = {
			isa = PBXGroup;
			children = (
				E64AA4BB2604629300B45C7F /* LoggedInModel.swift */,
			);
			path = Model;
			sourceTree = "<group>";
		};
		E64AA4C9260464C300B45C7F /* Repository */ = {
			isa = PBXGroup;
			children = (
				E64AA4C4260464BF00B45C7F /* LoggedInRepository.swift */,
			);
			path = Repository;
			sourceTree = "<group>";
		};
		E660C8532603602E00EFA647 /* Service */ = {
			isa = PBXGroup;
			children = (
				E660C8542603606200EFA647 /* NetworkConstants.swift */,
				E660C85C260360B900EFA647 /* Response.swift */,
				E660C861260360E100EFA647 /* AppError.swift */,
				E660C866260360FB00EFA647 /* ApiRouter.swift */,
				E660C86B2603658200EFA647 /* ApiRequest.swift */,
			);
			name = Service;
			sourceTree = "<group>";
		};
		E6853D28260840AD00873C03 /* ViewModel */ = {
			isa = PBXGroup;
			children = (
				E6853D23260840AA00873C03 /* TodoListViewModel.swift */,
			);
			path = ViewModel;
			sourceTree = "<group>";
		};
		E6853D31260840C700873C03 /* Repository */ = {
			isa = PBXGroup;
			children = (
				E6853D2C260840C300873C03 /* TodoListRepository.swift */,
			);
			path = Repository;
			sourceTree = "<group>";
		};
		E6853D3A260851E900873C03 /* Model */ = {
			isa = PBXGroup;
			children = (
				E6853D352608516500873C03 /* TodoListModel.swift */,
			);
			path = Model;
			sourceTree = "<group>";
		};
		E6853D4326086E8F00873C03 /* Adapter */ = {
			isa = PBXGroup;
			children = (
				E6853D3E26086DF900873C03 /* TodoListTableViewAdapter.swift */,
			);
			path = Adapter;
			sourceTree = "<group>";
		};
		E6853D4E26086ED200873C03 /* View */ = {
			isa = PBXGroup;
			children = (
				E6853D4726086ECE00873C03 /* TodoListTableViewCell.swift */,
				E6853D4826086ECE00873C03 /* TodoListTableViewCell.xib */,
			);
			path = View;
			sourceTree = "<group>";
		};
		E6F9C7192604AC2D00FC3541 /* Register */ = {
			isa = PBXGroup;
			children = (
				E6F9C71D2604AC3600FC3541 /* ViewController */,
				E6F9C7262604AC4700FC3541 /* ViewModel */,
				E6F9C72F2604AC7300FC3541 /* Repository */,
				E6F9C7382604ACC300FC3541 /* Model */,
			);
			path = Register;
			sourceTree = "<group>";
		};
		E6F9C71D2604AC3600FC3541 /* ViewController */ = {
			isa = PBXGroup;
			children = (
				E6F9C7142604A9E400FC3541 /* RegisterViewController.swift */,
			);
			path = ViewController;
			sourceTree = "<group>";
		};
		E6F9C7262604AC4700FC3541 /* ViewModel */ = {
			isa = PBXGroup;
			children = (
				E6F9C7212604AC4500FC3541 /* RegisterViewModel.swift */,
			);
			path = ViewModel;
			sourceTree = "<group>";
		};
		E6F9C72F2604AC7300FC3541 /* Repository */ = {
			isa = PBXGroup;
			children = (
				E6F9C72A2604AC5600FC3541 /* RegisterRepository.swift */,
			);
			path = Repository;
			sourceTree = "<group>";
		};
		E6F9C7382604ACC300FC3541 /* Model */ = {
			isa = PBXGroup;
			children = (
				E6F9C7332604ACC000FC3541 /* RegisterModel.swift */,
			);
			path = Model;
			sourceTree = "<group>";
		};
/* End PBXGroup section */

/* Begin PBXNativeTarget section */
		E638FB6F260350DA009683EE /* TodoList */ = {
			isa = PBXNativeTarget;
			buildConfigurationList = E638FB9A260350DC009683EE /* Build configuration list for PBXNativeTarget "TodoList" */;
			buildPhases = (
				158A8A94E14A69398ABE17AB /* [CP] Check Pods Manifest.lock */,
				E638FB6C260350DA009683EE /* Sources */,
				E638FB6D260350DA009683EE /* Frameworks */,
				E638FB6E260350DA009683EE /* Resources */,
				A43BF79583D246108C7264EC /* [CP] Embed Pods Frameworks */,
			);
			buildRules = (
			);
			dependencies = (
			);
			name = TodoList;
			productName = TodoList;
			productReference = E638FB70260350DA009683EE /* TodoList.app */;
			productType = "com.apple.product-type.application";
		};
		E638FB85260350DC009683EE /* TodoListTests */ = {
			isa = PBXNativeTarget;
			buildConfigurationList = E638FB9D260350DC009683EE /* Build configuration list for PBXNativeTarget "TodoListTests" */;
			buildPhases = (
				6B968806CCBD10E112C450E6 /* [CP] Check Pods Manifest.lock */,
				E638FB82260350DC009683EE /* Sources */,
				E638FB83260350DC009683EE /* Frameworks */,
				E638FB84260350DC009683EE /* Resources */,
			);
			buildRules = (
			);
			dependencies = (
				E638FB88260350DC009683EE /* PBXTargetDependency */,
			);
			name = TodoListTests;
			productName = TodoListTests;
			productReference = E638FB86260350DC009683EE /* TodoListTests.xctest */;
			productType = "com.apple.product-type.bundle.unit-test";
		};
		E638FB90260350DC009683EE /* TodoListUITests */ = {
			isa = PBXNativeTarget;
			buildConfigurationList = E638FBA0260350DC009683EE /* Build configuration list for PBXNativeTarget "TodoListUITests" */;
			buildPhases = (
				D67C42FE63B98D8B0B43E6DC /* [CP] Check Pods Manifest.lock */,
				E638FB8D260350DC009683EE /* Sources */,
				E638FB8E260350DC009683EE /* Frameworks */,
				E638FB8F260350DC009683EE /* Resources */,
			);
			buildRules = (
			);
			dependencies = (
				E638FB93260350DC009683EE /* PBXTargetDependency */,
			);
			name = TodoListUITests;
			productName = TodoListUITests;
			productReference = E638FB91260350DC009683EE /* TodoListUITests.xctest */;
			productType = "com.apple.product-type.bundle.ui-testing";
		};
/* End PBXNativeTarget section */

/* Begin PBXProject section */
		E638FB68260350DA009683EE /* Project object */ = {
			isa = PBXProject;
			attributes = {
				LastSwiftUpdateCheck = 1240;
				LastUpgradeCheck = 1240;
				TargetAttributes = {
					E638FB6F260350DA009683EE = {
						CreatedOnToolsVersion = 12.4;
					};
					E638FB85260350DC009683EE = {
						CreatedOnToolsVersion = 12.4;
						TestTargetID = E638FB6F260350DA009683EE;
					};
					E638FB90260350DC009683EE = {
						CreatedOnToolsVersion = 12.4;
						TestTargetID = E638FB6F260350DA009683EE;
					};
				};
			};
			buildConfigurationList = E638FB6B260350DA009683EE /* Build configuration list for PBXProject "TodoList" */;
			compatibilityVersion = "Xcode 9.3";
			developmentRegion = en;
			hasScannedForEncodings = 0;
			knownRegions = (
				en,
				Base,
			);
			mainGroup = E638FB67260350DA009683EE;
			productRefGroup = E638FB71260350DA009683EE /* Products */;
			projectDirPath = "";
			projectRoot = "";
			targets = (
				E638FB6F260350DA009683EE /* TodoList */,
				E638FB85260350DC009683EE /* TodoListTests */,
				E638FB90260350DC009683EE /* TodoListUITests */,
			);
		};
/* End PBXProject section */

/* Begin PBXResourcesBuildPhase section */
		E638FB6E260350DA009683EE /* Resources */ = {
			isa = PBXResourcesBuildPhase;
			buildActionMask = 2147483647;
			files = (
				E638FB80260350DC009683EE /* LaunchScreen.storyboard in Resources */,
				E638FB7D260350DC009683EE /* Assets.xcassets in Resources */,
				E638FB7B260350DA009683EE /* Main.storyboard in Resources */,
				E6853D4A26086ECE00873C03 /* TodoListTableViewCell.xib in Resources */,
			);
			runOnlyForDeploymentPostprocessing = 0;
		};
		E638FB84260350DC009683EE /* Resources */ = {
			isa = PBXResourcesBuildPhase;
			buildActionMask = 2147483647;
			files = (
			);
			runOnlyForDeploymentPostprocessing = 0;
		};
		E638FB8F260350DC009683EE /* Resources */ = {
			isa = PBXResourcesBuildPhase;
			buildActionMask = 2147483647;
			files = (
			);
			runOnlyForDeploymentPostprocessing = 0;
		};
/* End PBXResourcesBuildPhase section */

/* Begin PBXShellScriptBuildPhase section */
		158A8A94E14A69398ABE17AB /* [CP] Check Pods Manifest.lock */ = {
			isa = PBXShellScriptBuildPhase;
			buildActionMask = 2147483647;
			files = (
			);
			inputFileListPaths = (
			);
			inputPaths = (
				"${PODS_PODFILE_DIR_PATH}/Podfile.lock",
				"${PODS_ROOT}/Manifest.lock",
			);
			name = "[CP] Check Pods Manifest.lock";
			outputFileListPaths = (
			);
			outputPaths = (
				"$(DERIVED_FILE_DIR)/Pods-TodoList-checkManifestLockResult.txt",
			);
			runOnlyForDeploymentPostprocessing = 0;
			shellPath = /bin/sh;
			shellScript = "diff \"${PODS_PODFILE_DIR_PATH}/Podfile.lock\" \"${PODS_ROOT}/Manifest.lock\" > /dev/null\nif [ $? != 0 ] ; then\n    # print error to STDERR\n    echo \"error: The sandbox is not in sync with the Podfile.lock. Run 'pod install' or update your CocoaPods installation.\" >&2\n    exit 1\nfi\n# This output is used by Xcode 'outputs' to avoid re-running this script phase.\necho \"SUCCESS\" > \"${SCRIPT_OUTPUT_FILE_0}\"\n";
			showEnvVarsInLog = 0;
		};
		6B968806CCBD10E112C450E6 /* [CP] Check Pods Manifest.lock */ = {
			isa = PBXShellScriptBuildPhase;
			buildActionMask = 2147483647;
			files = (
			);
			inputFileListPaths = (
			);
			inputPaths = (
				"${PODS_PODFILE_DIR_PATH}/Podfile.lock",
				"${PODS_ROOT}/Manifest.lock",
			);
			name = "[CP] Check Pods Manifest.lock";
			outputFileListPaths = (
			);
			outputPaths = (
				"$(DERIVED_FILE_DIR)/Pods-TodoListTests-checkManifestLockResult.txt",
			);
			runOnlyForDeploymentPostprocessing = 0;
			shellPath = /bin/sh;
			shellScript = "diff \"${PODS_PODFILE_DIR_PATH}/Podfile.lock\" \"${PODS_ROOT}/Manifest.lock\" > /dev/null\nif [ $? != 0 ] ; then\n    # print error to STDERR\n    echo \"error: The sandbox is not in sync with the Podfile.lock. Run 'pod install' or update your CocoaPods installation.\" >&2\n    exit 1\nfi\n# This output is used by Xcode 'outputs' to avoid re-running this script phase.\necho \"SUCCESS\" > \"${SCRIPT_OUTPUT_FILE_0}\"\n";
			showEnvVarsInLog = 0;
		};
		A43BF79583D246108C7264EC /* [CP] Embed Pods Frameworks */ = {
			isa = PBXShellScriptBuildPhase;
			buildActionMask = 2147483647;
			files = (
			);
			inputFileListPaths = (
			);
			name = "[CP] Embed Pods Frameworks";
			outputFileListPaths = (
			);
			runOnlyForDeploymentPostprocessing = 0;
			shellPath = /bin/sh;
			shellScript = "\"${PODS_ROOT}/Target Support Files/Pods-TodoList/Pods-TodoList-frameworks.sh\"\n";
			showEnvVarsInLog = 0;
		};
		D67C42FE63B98D8B0B43E6DC /* [CP] Check Pods Manifest.lock */ = {
			isa = PBXShellScriptBuildPhase;
			buildActionMask = 2147483647;
			files = (
			);
			inputFileListPaths = (
			);
			inputPaths = (
				"${PODS_PODFILE_DIR_PATH}/Podfile.lock",
				"${PODS_ROOT}/Manifest.lock",
			);
			name = "[CP] Check Pods Manifest.lock";
			outputFileListPaths = (
			);
			outputPaths = (
				"$(DERIVED_FILE_DIR)/Pods-TodoListUITests-checkManifestLockResult.txt",
			);
			runOnlyForDeploymentPostprocessing = 0;
			shellPath = /bin/sh;
			shellScript = "diff \"${PODS_PODFILE_DIR_PATH}/Podfile.lock\" \"${PODS_ROOT}/Manifest.lock\" > /dev/null\nif [ $? != 0 ] ; then\n    # print error to STDERR\n    echo \"error: The sandbox is not in sync with the Podfile.lock. Run 'pod install' or update your CocoaPods installation.\" >&2\n    exit 1\nfi\n# This output is used by Xcode 'outputs' to avoid re-running this script phase.\necho \"SUCCESS\" > \"${SCRIPT_OUTPUT_FILE_0}\"\n";
			showEnvVarsInLog = 0;
		};
/* End PBXShellScriptBuildPhase section */

/* Begin PBXSourcesBuildPhase section */
		E638FB6C260350DA009683EE /* Sources */ = {
			isa = PBXSourcesBuildPhase;
			buildActionMask = 2147483647;
			files = (
				E64AA49D2604576000B45C7F /* Extension+UIView.swift in Sources */,
				E6853D5326086EED00873C03 /* Extension+UITableView.swift in Sources */,
				E660C86C2603658200EFA647 /* ApiRequest.swift in Sources */,
				E660C8552603606200EFA647 /* NetworkConstants.swift in Sources */,
				E660C867260360FB00EFA647 /* ApiRouter.swift in Sources */,
				E64AA4A226045D7800B45C7F /* Extension+SkyFloatingLabelTextField.swift in Sources */,
				E6853D582608782800873C03 /* CheckBoxButton.swift in Sources */,
				E638FBBE260351A5009683EE /* MainNavigationViewController.swift in Sources */,
				E638FBC826035223009683EE /* TodoListViewController.swift in Sources */,
				E638FBB426035156009683EE /* AppCoordinator.swift in Sources */,
				E660C85D260360B900EFA647 /* Response.swift in Sources */,
				E6F9C7152604A9E400FC3541 /* RegisterViewController.swift in Sources */,
				E638FB74260350DA009683EE /* AppDelegate.swift in Sources */,
				E6F9C72B2604AC5600FC3541 /* RegisterRepository.swift in Sources */,
				E64AA4BC2604629300B45C7F /* LoggedInModel.swift in Sources */,
				E638FBD2260352E3009683EE /* Extension+UserDefaults.swift in Sources */,
				E638FBC326035215009683EE /* LoggedInViewController.swift in Sources */,
				E6853D2D260840C300873C03 /* TodoListRepository.swift in Sources */,
				E660C862260360E100EFA647 /* AppError.swift in Sources */,
				E6F9C7222604AC4500FC3541 /* RegisterViewModel.swift in Sources */,
				E638FBCD26035264009683EE /* Extension+UIStoryboard.swift in Sources */,
				E638FB76260350DA009683EE /* SceneDelegate.swift in Sources */,
				E64AA4D9260479C200B45C7F /* Bindable.swift in Sources */,
				E6853D4926086ECE00873C03 /* TodoListTableViewCell.swift in Sources */,
				E6F9C7342604ACC000FC3541 /* RegisterModel.swift in Sources */,
				E64AA4B02604614B00B45C7F /* LoggedInViewModel.swift in Sources */,
				E6853D3F26086DF900873C03 /* TodoListTableViewAdapter.swift in Sources */,
				E6853D362608516500873C03 /* TodoListModel.swift in Sources */,
				E6853D19260726A400873C03 /* ProgessHUD.swift in Sources */,
				E64AA4C5260464BF00B45C7F /* LoggedInRepository.swift in Sources */,
				E6853D24260840AA00873C03 /* TodoListViewModel.swift in Sources */,
			);
			runOnlyForDeploymentPostprocessing = 0;
		};
		E638FB82260350DC009683EE /* Sources */ = {
			isa = PBXSourcesBuildPhase;
			buildActionMask = 2147483647;
			files = (
				E638FB8B260350DC009683EE /* TodoListTests.swift in Sources */,
			);
			runOnlyForDeploymentPostprocessing = 0;
		};
		E638FB8D260350DC009683EE /* Sources */ = {
			isa = PBXSourcesBuildPhase;
			buildActionMask = 2147483647;
			files = (
				E638FB96260350DC009683EE /* TodoListUITests.swift in Sources */,
			);
			runOnlyForDeploymentPostprocessing = 0;
		};
/* End PBXSourcesBuildPhase section */

/* Begin PBXTargetDependency section */
		E638FB88260350DC009683EE /* PBXTargetDependency */ = {
			isa = PBXTargetDependency;
			target = E638FB6F260350DA009683EE /* TodoList */;
			targetProxy = E638FB87260350DC009683EE /* PBXContainerItemProxy */;
		};
		E638FB93260350DC009683EE /* PBXTargetDependency */ = {
			isa = PBXTargetDependency;
			target = E638FB6F260350DA009683EE /* TodoList */;
			targetProxy = E638FB92260350DC009683EE /* PBXContainerItemProxy */;
		};
/* End PBXTargetDependency section */

/* Begin PBXVariantGroup section */
		E638FB79260350DA009683EE /* Main.storyboard */ = {
			isa = PBXVariantGroup;
			children = (
				E638FB7A260350DA009683EE /* Base */,
			);
			name = Main.storyboard;
			sourceTree = "<group>";
		};
		E638FB7E260350DC009683EE /* LaunchScreen.storyboard */ = {
			isa = PBXVariantGroup;
			children = (
				E638FB7F260350DC009683EE /* Base */,
			);
			name = LaunchScreen.storyboard;
			sourceTree = "<group>";
		};
/* End PBXVariantGroup section */

/* Begin XCBuildConfiguration section */
		E638FB98260350DC009683EE /* Debug */ = {
			isa = XCBuildConfiguration;
			buildSettings = {
				ALWAYS_SEARCH_USER_PATHS = NO;
				CLANG_ANALYZER_NONNULL = YES;
				CLANG_ANALYZER_NUMBER_OBJECT_CONVERSION = YES_AGGRESSIVE;
				CLANG_CXX_LANGUAGE_STANDARD = "gnu++14";
				CLANG_CXX_LIBRARY = "libc++";
				CLANG_ENABLE_MODULES = YES;
				CLANG_ENABLE_OBJC_ARC = YES;
				CLANG_ENABLE_OBJC_WEAK = YES;
				CLANG_WARN_BLOCK_CAPTURE_AUTORELEASING = YES;
				CLANG_WARN_BOOL_CONVERSION = YES;
				CLANG_WARN_COMMA = YES;
				CLANG_WARN_CONSTANT_CONVERSION = YES;
				CLANG_WARN_DEPRECATED_OBJC_IMPLEMENTATIONS = YES;
				CLANG_WARN_DIRECT_OBJC_ISA_USAGE = YES_ERROR;
				CLANG_WARN_DOCUMENTATION_COMMENTS = YES;
				CLANG_WARN_EMPTY_BODY = YES;
				CLANG_WARN_ENUM_CONVERSION = YES;
				CLANG_WARN_INFINITE_RECURSION = YES;
				CLANG_WARN_INT_CONVERSION = YES;
				CLANG_WARN_NON_LITERAL_NULL_CONVERSION = YES;
				CLANG_WARN_OBJC_IMPLICIT_RETAIN_SELF = YES;
				CLANG_WARN_OBJC_LITERAL_CONVERSION = YES;
				CLANG_WARN_OBJC_ROOT_CLASS = YES_ERROR;
				CLANG_WARN_QUOTED_INCLUDE_IN_FRAMEWORK_HEADER = YES;
				CLANG_WARN_RANGE_LOOP_ANALYSIS = YES;
				CLANG_WARN_STRICT_PROTOTYPES = YES;
				CLANG_WARN_SUSPICIOUS_MOVE = YES;
				CLANG_WARN_UNGUARDED_AVAILABILITY = YES_AGGRESSIVE;
				CLANG_WARN_UNREACHABLE_CODE = YES;
				CLANG_WARN__DUPLICATE_METHOD_MATCH = YES;
				COPY_PHASE_STRIP = NO;
				DEBUG_INFORMATION_FORMAT = dwarf;
				ENABLE_STRICT_OBJC_MSGSEND = YES;
				ENABLE_TESTABILITY = YES;
				GCC_C_LANGUAGE_STANDARD = gnu11;
				GCC_DYNAMIC_NO_PIC = NO;
				GCC_NO_COMMON_BLOCKS = YES;
				GCC_OPTIMIZATION_LEVEL = 0;
				GCC_PREPROCESSOR_DEFINITIONS = (
					"DEBUG=1",
					"$(inherited)",
				);
				GCC_WARN_64_TO_32_BIT_CONVERSION = YES;
				GCC_WARN_ABOUT_RETURN_TYPE = YES_ERROR;
				GCC_WARN_UNDECLARED_SELECTOR = YES;
				GCC_WARN_UNINITIALIZED_AUTOS = YES_AGGRESSIVE;
				GCC_WARN_UNUSED_FUNCTION = YES;
				GCC_WARN_UNUSED_VARIABLE = YES;
				IPHONEOS_DEPLOYMENT_TARGET = 14.4;
				MTL_ENABLE_DEBUG_INFO = INCLUDE_SOURCE;
				MTL_FAST_MATH = YES;
				ONLY_ACTIVE_ARCH = YES;
				SDKROOT = iphoneos;
				SWIFT_ACTIVE_COMPILATION_CONDITIONS = DEBUG;
				SWIFT_OPTIMIZATION_LEVEL = "-Onone";
			};
			name = Debug;
		};
		E638FB99260350DC009683EE /* Release */ = {
			isa = XCBuildConfiguration;
			buildSettings = {
				ALWAYS_SEARCH_USER_PATHS = NO;
				CLANG_ANALYZER_NONNULL = YES;
				CLANG_ANALYZER_NUMBER_OBJECT_CONVERSION = YES_AGGRESSIVE;
				CLANG_CXX_LANGUAGE_STANDARD = "gnu++14";
				CLANG_CXX_LIBRARY = "libc++";
				CLANG_ENABLE_MODULES = YES;
				CLANG_ENABLE_OBJC_ARC = YES;
				CLANG_ENABLE_OBJC_WEAK = YES;
				CLANG_WARN_BLOCK_CAPTURE_AUTORELEASING = YES;
				CLANG_WARN_BOOL_CONVERSION = YES;
				CLANG_WARN_COMMA = YES;
				CLANG_WARN_CONSTANT_CONVERSION = YES;
				CLANG_WARN_DEPRECATED_OBJC_IMPLEMENTATIONS = YES;
				CLANG_WARN_DIRECT_OBJC_ISA_USAGE = YES_ERROR;
				CLANG_WARN_DOCUMENTATION_COMMENTS = YES;
				CLANG_WARN_EMPTY_BODY = YES;
				CLANG_WARN_ENUM_CONVERSION = YES;
				CLANG_WARN_INFINITE_RECURSION = YES;
				CLANG_WARN_INT_CONVERSION = YES;
				CLANG_WARN_NON_LITERAL_NULL_CONVERSION = YES;
				CLANG_WARN_OBJC_IMPLICIT_RETAIN_SELF = YES;
				CLANG_WARN_OBJC_LITERAL_CONVERSION = YES;
				CLANG_WARN_OBJC_ROOT_CLASS = YES_ERROR;
				CLANG_WARN_QUOTED_INCLUDE_IN_FRAMEWORK_HEADER = YES;
				CLANG_WARN_RANGE_LOOP_ANALYSIS = YES;
				CLANG_WARN_STRICT_PROTOTYPES = YES;
				CLANG_WARN_SUSPICIOUS_MOVE = YES;
				CLANG_WARN_UNGUARDED_AVAILABILITY = YES_AGGRESSIVE;
				CLANG_WARN_UNREACHABLE_CODE = YES;
				CLANG_WARN__DUPLICATE_METHOD_MATCH = YES;
				COPY_PHASE_STRIP = NO;
				DEBUG_INFORMATION_FORMAT = "dwarf-with-dsym";
				ENABLE_NS_ASSERTIONS = NO;
				ENABLE_STRICT_OBJC_MSGSEND = YES;
				GCC_C_LANGUAGE_STANDARD = gnu11;
				GCC_NO_COMMON_BLOCKS = YES;
				GCC_WARN_64_TO_32_BIT_CONVERSION = YES;
				GCC_WARN_ABOUT_RETURN_TYPE = YES_ERROR;
				GCC_WARN_UNDECLARED_SELECTOR = YES;
				GCC_WARN_UNINITIALIZED_AUTOS = YES_AGGRESSIVE;
				GCC_WARN_UNUSED_FUNCTION = YES;
				GCC_WARN_UNUSED_VARIABLE = YES;
				IPHONEOS_DEPLOYMENT_TARGET = 14.4;
				MTL_ENABLE_DEBUG_INFO = NO;
				MTL_FAST_MATH = YES;
				SDKROOT = iphoneos;
				SWIFT_COMPILATION_MODE = wholemodule;
				SWIFT_OPTIMIZATION_LEVEL = "-O";
				VALIDATE_PRODUCT = YES;
			};
			name = Release;
		};
		E638FB9B260350DC009683EE /* Debug */ = {
			isa = XCBuildConfiguration;
			baseConfigurationReference = 2B7442D377B68C0C56F5DE1A /* Pods-TodoList.debug.xcconfig */;
			buildSettings = {
				ASSETCATALOG_COMPILER_APPICON_NAME = AppIcon;
				ASSETCATALOG_COMPILER_GLOBAL_ACCENT_COLOR_NAME = AccentColor;
				CODE_SIGN_STYLE = Automatic;
				DEVELOPMENT_TEAM = JFV7KG542P;
				INFOPLIST_FILE = TodoList/Info.plist;
				LD_RUNPATH_SEARCH_PATHS = (
					"$(inherited)",
					"@executable_path/Frameworks",
				);
				PRODUCT_BUNDLE_IDENTIFIER = tirawat.TodoList;
				PRODUCT_NAME = "$(TARGET_NAME)";
				SWIFT_VERSION = 5.0;
				TARGETED_DEVICE_FAMILY = 1;
			};
			name = Debug;
		};
		E638FB9C260350DC009683EE /* Release */ = {
			isa = XCBuildConfiguration;
			baseConfigurationReference = 701BF68BB4510AE585AD5CFE /* Pods-TodoList.release.xcconfig */;
			buildSettings = {
				ASSETCATALOG_COMPILER_APPICON_NAME = AppIcon;
				ASSETCATALOG_COMPILER_GLOBAL_ACCENT_COLOR_NAME = AccentColor;
				CODE_SIGN_STYLE = Automatic;
				DEVELOPMENT_TEAM = JFV7KG542P;
				INFOPLIST_FILE = TodoList/Info.plist;
				LD_RUNPATH_SEARCH_PATHS = (
					"$(inherited)",
					"@executable_path/Frameworks",
				);
				PRODUCT_BUNDLE_IDENTIFIER = tirawat.TodoList;
				PRODUCT_NAME = "$(TARGET_NAME)";
				SWIFT_VERSION = 5.0;
				TARGETED_DEVICE_FAMILY = 1;
			};
			name = Release;
		};
		E638FB9E260350DC009683EE /* Debug */ = {
			isa = XCBuildConfiguration;
			baseConfigurationReference = 89D226ABB1432C6BE961477D /* Pods-TodoListTests.debug.xcconfig */;
			buildSettings = {
				ALWAYS_EMBED_SWIFT_STANDARD_LIBRARIES = YES;
				BUNDLE_LOADER = "$(TEST_HOST)";
				CODE_SIGN_STYLE = Automatic;
				DEVELOPMENT_TEAM = JFV7KG542P;
				INFOPLIST_FILE = TodoListTests/Info.plist;
				IPHONEOS_DEPLOYMENT_TARGET = 14.4;
				LD_RUNPATH_SEARCH_PATHS = (
					"$(inherited)",
					"@executable_path/Frameworks",
					"@loader_path/Frameworks",
				);
				PRODUCT_BUNDLE_IDENTIFIER = tirawat.TodoListTests;
				PRODUCT_NAME = "$(TARGET_NAME)";
				SWIFT_VERSION = 5.0;
				TARGETED_DEVICE_FAMILY = "1,2";
				TEST_HOST = "$(BUILT_PRODUCTS_DIR)/TodoList.app/TodoList";
			};
			name = Debug;
		};
		E638FB9F260350DC009683EE /* Release */ = {
			isa = XCBuildConfiguration;
			baseConfigurationReference = 642714063B7BF78849D44C39 /* Pods-TodoListTests.release.xcconfig */;
			buildSettings = {
				ALWAYS_EMBED_SWIFT_STANDARD_LIBRARIES = YES;
				BUNDLE_LOADER = "$(TEST_HOST)";
				CODE_SIGN_STYLE = Automatic;
				DEVELOPMENT_TEAM = JFV7KG542P;
				INFOPLIST_FILE = TodoListTests/Info.plist;
				IPHONEOS_DEPLOYMENT_TARGET = 14.4;
				LD_RUNPATH_SEARCH_PATHS = (
					"$(inherited)",
					"@executable_path/Frameworks",
					"@loader_path/Frameworks",
				);
				PRODUCT_BUNDLE_IDENTIFIER = tirawat.TodoListTests;
				PRODUCT_NAME = "$(TARGET_NAME)";
				SWIFT_VERSION = 5.0;
				TARGETED_DEVICE_FAMILY = "1,2";
				TEST_HOST = "$(BUILT_PRODUCTS_DIR)/TodoList.app/TodoList";
			};
			name = Release;
		};
		E638FBA1260350DC009683EE /* Debug */ = {
			isa = XCBuildConfiguration;
			baseConfigurationReference = 1DF0724F7CCFE1300C718B61 /* Pods-TodoListUITests.debug.xcconfig */;
			buildSettings = {
				ALWAYS_EMBED_SWIFT_STANDARD_LIBRARIES = YES;
				CODE_SIGN_STYLE = Automatic;
				DEVELOPMENT_TEAM = JFV7KG542P;
				INFOPLIST_FILE = TodoListUITests/Info.plist;
				LD_RUNPATH_SEARCH_PATHS = (
					"$(inherited)",
					"@executable_path/Frameworks",
					"@loader_path/Frameworks",
				);
				PRODUCT_BUNDLE_IDENTIFIER = tirawat.TodoListUITests;
				PRODUCT_NAME = "$(TARGET_NAME)";
				SWIFT_VERSION = 5.0;
				TARGETED_DEVICE_FAMILY = "1,2";
				TEST_TARGET_NAME = TodoList;
			};
			name = Debug;
		};
		E638FBA2260350DC009683EE /* Release */ = {
			isa = XCBuildConfiguration;
			baseConfigurationReference = 6CA2AA66E775B766408F4A72 /* Pods-TodoListUITests.release.xcconfig */;
			buildSettings = {
				ALWAYS_EMBED_SWIFT_STANDARD_LIBRARIES = YES;
				CODE_SIGN_STYLE = Automatic;
				DEVELOPMENT_TEAM = JFV7KG542P;
				INFOPLIST_FILE = TodoListUITests/Info.plist;
				LD_RUNPATH_SEARCH_PATHS = (
					"$(inherited)",
					"@executable_path/Frameworks",
					"@loader_path/Frameworks",
				);
				PRODUCT_BUNDLE_IDENTIFIER = tirawat.TodoListUITests;
				PRODUCT_NAME = "$(TARGET_NAME)";
				SWIFT_VERSION = 5.0;
				TARGETED_DEVICE_FAMILY = "1,2";
				TEST_TARGET_NAME = TodoList;
			};
			name = Release;
		};
/* End XCBuildConfiguration section */

/* Begin XCConfigurationList section */
		E638FB6B260350DA009683EE /* Build configuration list for PBXProject "TodoList" */ = {
			isa = XCConfigurationList;
			buildConfigurations = (
				E638FB98260350DC009683EE /* Debug */,
				E638FB99260350DC009683EE /* Release */,
			);
			defaultConfigurationIsVisible = 0;
			defaultConfigurationName = Release;
		};
		E638FB9A260350DC009683EE /* Build configuration list for PBXNativeTarget "TodoList" */ = {
			isa = XCConfigurationList;
			buildConfigurations = (
				E638FB9B260350DC009683EE /* Debug */,
				E638FB9C260350DC009683EE /* Release */,
			);
			defaultConfigurationIsVisible = 0;
			defaultConfigurationName = Release;
		};
		E638FB9D260350DC009683EE /* Build configuration list for PBXNativeTarget "TodoListTests" */ = {
			isa = XCConfigurationList;
			buildConfigurations = (
				E638FB9E260350DC009683EE /* Debug */,
				E638FB9F260350DC009683EE /* Release */,
			);
			defaultConfigurationIsVisible = 0;
			defaultConfigurationName = Release;
		};
		E638FBA0260350DC009683EE /* Build configuration list for PBXNativeTarget "TodoListUITests" */ = {
			isa = XCConfigurationList;
			buildConfigurations = (
				E638FBA1260350DC009683EE /* Debug */,
				E638FBA2260350DC009683EE /* Release */,
			);
			defaultConfigurationIsVisible = 0;
			defaultConfigurationName = Release;
		};
/* End XCConfigurationList section */
	};
	rootObject = E638FB68260350DA009683EE /* Project object */;
}
